// !$*UTF8*$!
{
	archiveVersion = 1;
	classes = {
	};
	objectVersion = 46;
	objects = {

/* Begin PBXBuildFile section */
		A09BF9F91B366B1D0086AE33 /* AppDelegate.swift in Sources */ = {isa = PBXBuildFile; fileRef = A09BF9F81B366B1D0086AE33 /* AppDelegate.swift */; };
		A09BF9FB1B366B1D0086AE33 /* ViewController.swift in Sources */ = {isa = PBXBuildFile; fileRef = A09BF9FA1B366B1D0086AE33 /* ViewController.swift */; };
		A09BF9FE1B366B1D0086AE33 /* Main.storyboard in Resources */ = {isa = PBXBuildFile; fileRef = A09BF9FC1B366B1D0086AE33 /* Main.storyboard */; };
		A09BFA001B366B1D0086AE33 /* Images.xcassets in Resources */ = {isa = PBXBuildFile; fileRef = A09BF9FF1B366B1D0086AE33 /* Images.xcassets */; };
		A09BFA031B366B1D0086AE33 /* LaunchScreen.xib in Resources */ = {isa = PBXBuildFile; fileRef = A09BFA011B366B1D0086AE33 /* LaunchScreen.xib */; };
		A09BFA0F1B366B1D0086AE33 /* swift1Tests.swift in Sources */ = {isa = PBXBuildFile; fileRef = A09BFA0E1B366B1D0086AE33 /* swift1Tests.swift */; };
/* End PBXBuildFile section */

/* Begin PBXContainerItemProxy section */
		A09BFA091B366B1D0086AE33 /* PBXContainerItemProxy */ = {
			isa = PBXContainerItemProxy;
			containerPortal = A09BF9EB1B366B1D0086AE33 /* Project object */;
			proxyType = 1;
			remoteGlobalIDString = A09BF9F21B366B1D0086AE33;
			remoteInfo = swift1;
		};
/* End PBXContainerItemProxy section */

/* Begin PBXFileReference section */
		A09BF9F31B366B1D0086AE33 /* swift1.app */ = {isa = PBXFileReference; explicitFileType = wrapper.application; includeInIndex = 0; path = swift1.app; sourceTree = BUILT_PRODUCTS_DIR; };
		A09BF9F71B366B1D0086AE33 /* Info.plist */ = {isa = PBXFileReference; lastKnownFileType = text.plist.xml; path = Info.plist; sourceTree = "<group>"; };
		A09BF9F81B366B1D0086AE33 /* AppDelegate.swift */ = {isa = PBXFileReference; lastKnownFileType = sourcecode.swift; path = AppDelegate.swift; sourceTree = "<group>"; };
		A09BF9FA1B366B1D0086AE33 /* ViewController.swift */ = {isa = PBXFileReference; lastKnownFileType = sourcecode.swift; path = ViewController.swift; sourceTree = "<group>"; };
		A09BF9FD1B366B1D0086AE33 /* Base */ = {isa = PBXFileReference; lastKnownFileType = file.storyboard; name = Base; path = Base.lproj/Main.storyboard; sourceTree = "<group>"; };
		A09BF9FF1B366B1D0086AE33 /* Images.xcassets */ = {isa = PBXFileReference; lastKnownFileType = folder.assetcatalog; path = Images.xcassets; sourceTree = "<group>"; };
		A09BFA021B366B1D0086AE33 /* Base */ = {isa = PBXFileReference; lastKnownFileType = file.xib; name = Base; path = Base.lproj/LaunchScreen.xib; sourceTree = "<group>"; };
		A09BFA081B366B1D0086AE33 /* swift1Tests.xctest */ = {isa = PBXFileReference; explicitFileType = wrapper.cfbundle; includeInIndex = 0; path = swift1Tests.xctest; sourceTree = BUILT_PRODUCTS_DIR; };
		A09BFA0D1B366B1D0086AE33 /* Info.plist */ = {isa = PBXFileReference; lastKnownFileType = text.plist.xml; path = Info.plist; sourceTree = "<group>"; };
		A09BFA0E1B366B1D0086AE33 /* swift1Tests.swift */ = {isa = PBXFileReference; lastKnownFileType = sourcecode.swift; path = swift1Tests.swift; sourceTree = "<group>"; };
/* End PBXFileReference section */

/* Begin PBXFrameworksBuildPhase section */
		A09BF9F01B366B1D0086AE33 /* Frameworks */ = {
			isa = PBXFrameworksBuildPhase;
			buildActionMask = 2147483647;
			files = (
			);
			runOnlyForDeploymentPostprocessing = 0;
		};
		A09BFA051B366B1D0086AE33 /* Frameworks */ = {
			isa = PBXFrameworksBuildPhase;
			buildActionMask = 2147483647;
			files = (
			);
			runOnlyForDeploymentPostprocessing = 0;
		};
/* End PBXFrameworksBuildPhase section */

/* Begin PBXGroup section */
		A09BF9EA1B366B1D0086AE33 = {
			isa = PBXGroup;
			children = (
				A09BF9F51B366B1D0086AE33 /* swift1 */,
				A09BFA0B1B366B1D0086AE33 /* swift1Tests */,
				A09BF9F41B366B1D0086AE33 /* Products */,
			);
			sourceTree = "<group>";
		};
		A09BF9F41B366B1D0086AE33 /* Products */ = {
			isa = PBXGroup;
			children = (
				A09BF9F31B366B1D0086AE33 /* swift1.app */,
				A09BFA081B366B1D0086AE33 /* swift1Tests.xctest */,
			);
			name = Products;
			sourceTree = "<group>";
		};
		A09BF9F51B366B1D0086AE33 /* swift1 */ = {
			isa = PBXGroup;
			children = (
				A09BF9F81B366B1D0086AE33 /* AppDelegate.swift */,
				A09BF9FA1B366B1D0086AE33 /* ViewController.swift */,
				A09BF9FC1B366B1D0086AE33 /* Main.storyboard */,
				A09BF9FF1B366B1D0086AE33 /* Images.xcassets */,
				A09BFA011B366B1D0086AE33 /* LaunchScreen.xib */,
				A09BF9F61B366B1D0086AE33 /* Supporting Files */,
			);
			path = swift1;
			sourceTree = "<group>";
		};
		A09BF9F61B366B1D0086AE33 /* Supporting Files */ = {
			isa = PBXGroup;
			children = (
				A09BF9F71B366B1D0086AE33 /* Info.plist */,
			);
			name = "Supporting Files";
			sourceTree = "<group>";
		};
		A09BFA0B1B366B1D0086AE33 /* swift1Tests */ = {
			isa = PBXGroup;
			children = (
				A09BFA0E1B366B1D0086AE33 /* swift1Tests.swift */,
				A09BFA0C1B366B1D0086AE33 /* Supporting Files */,
			);
			path = swift1Tests;
			sourceTree = "<group>";
		};
		A09BFA0C1B366B1D0086AE33 /* Supporting Files */ = {
			isa = PBXGroup;
			children = (
				A09BFA0D1B366B1D0086AE33 /* Info.plist */,
			);
			name = "Supporting Files";
			sourceTree = "<group>";
		};
/* End PBXGroup section */

/* Begin PBXNativeTarget section */
		A09BF9F21B366B1D0086AE33 /* swift1 */ = {
			isa = PBXNativeTarget;
			buildConfigurationList = A09BFA121B366B1D0086AE33 /* Build configuration list for PBXNativeTarget "swift1" */;
			buildPhases = (
				A09BF9EF1B366B1D0086AE33 /* Sources */,
				A09BF9F01B366B1D0086AE33 /* Frameworks */,
				A09BF9F11B366B1D0086AE33 /* Resources */,
			);
			buildRules = (
			);
			dependencies = (
			);
			name = swift1;
			productName = swift1;
			productReference = A09BF9F31B366B1D0086AE33 /* swift1.app */;
			productType = "com.apple.product-type.application";
		};
		A09BFA071B366B1D0086AE33 /* swift1Tests */ = {
			isa = PBXNativeTarget;
			buildConfigurationList = A09BFA151B366B1D0086AE33 /* Build configuration list for PBXNativeTarget "swift1Tests" */;
			buildPhases = (
				A09BFA041B366B1D0086AE33 /* Sources */,
				A09BFA051B366B1D0086AE33 /* Frameworks */,
				A09BFA061B366B1D0086AE33 /* Resources */,
			);
			buildRules = (
			);
			dependencies = (
				A09BFA0A1B366B1D0086AE33 /* PBXTargetDependency */,
			);
			name = swift1Tests;
			productName = swift1Tests;
			productReference = A09BFA081B366B1D0086AE33 /* swift1Tests.xctest */;
			productType = "com.apple.product-type.bundle.unit-test";
		};
/* End PBXNativeTarget section */

/* Begin PBXProject section */
		A09BF9EB1B366B1D0086AE33 /* Project object */ = {
			isa = PBXProject;
			attributes = {
				LastUpgradeCheck = 0630;
				ORGANIZATIONNAME = "Ari seo";
				TargetAttributes = {
					A09BF9F21B366B1D0086AE33 = {
						CreatedOnToolsVersion = 6.3.2;
					};
					A09BFA071B366B1D0086AE33 = {
						CreatedOnToolsVersion = 6.3.2;
						TestTargetID = A09BF9F21B366B1D0086AE33;
					};
				};
			};
			buildConfigurationList = A09BF9EE1B366B1D0086AE33 /* Build configuration list for PBXProject "swift1" */;
			compatibilityVersion = "Xcode 3.2";
			developmentRegion = English;
			hasScannedForEncodings = 0;
			knownRegions = (
				en,
				Base,
			);
			mainGroup = A09BF9EA1B366B1D0086AE33;
			productRefGroup = A09BF9F41B366B1D0086AE33 /* Products */;
			projectDirPath = "";
			projectRoot = "";
			targets = (
				A09BF9F21B366B1D0086AE33 /* swift1 */,
				A09BFA071B366B1D0086AE33 /* swift1Tests */,
			);
		};
/* End PBXProject section */

/* Begin PBXResourcesBuildPhase section */
		A09BF9F11B366B1D0086AE33 /* Resources */ = {
			isa = PBXResourcesBuildPhase;
			buildActionMask = 2147483647;
			files = (
				A09BF9FE1B366B1D0086AE33 /* Main.storyboard in Resources */,
				A09BFA031B366B1D0086AE33 /* LaunchScreen.xib in Resources */,
				A09BFA001B366B1D0086AE33 /* Images.xcassets in Resources */,
			);
			runOnlyForDeploymentPostprocessing = 0;
		};
		A09BFA061B366B1D0086AE33 /* Resources */ = {
			isa = PBXResourcesBuildPhase;
			buildActionMask = 2147483647;
			files = (
			);
			runOnlyForDeploymentPostprocessing = 0;
		};
/* End PBXResourcesBuildPhase section */

/* Begin PBXSourcesBuildPhase section */
		A09BF9EF1B366B1D0086AE33 /* Sources */ = {
			isa = PBXSourcesBuildPhase;
			buildActionMask = 2147483647;
			files = (
				A09BF9FB1B366B1D0086AE33 /* ViewController.swift in Sources */,
				A09BF9F91B366B1D0086AE33 /* AppDelegate.swift in Sources */,
			);
			runOnlyForDeploymentPostprocessing = 0;
		};
		A09BFA041B366B1D0086AE33 /* Sources */ = {
			isa = PBXSourcesBuildPhase;
			buildActionMask = 2147483647;
			files = (
				A09BFA0F1B366B1D0086AE33 /* swift1Tests.swift in Sources */,
			);
			runOnlyForDeploymentPostprocessing = 0;
		};
/* End PBXSourcesBuildPhase section */

/* Begin PBXTargetDependency section */
		A09BFA0A1B366B1D0086AE33 /* PBXTargetDependency */ = {
			isa = PBXTargetDependency;
			target = A09BF9F21B366B1D0086AE33 /* swift1 */;
			targetProxy = A09BFA091B366B1D0086AE33 /* PBXContainerItemProxy */;
		};
/* End PBXTargetDependency section */

/* Begin PBXVariantGroup section */
		A09BF9FC1B366B1D0086AE33 /* Main.storyboard */ = {
			isa = PBXVariantGroup;
			children = (
				A09BF9FD1B366B1D0086AE33 /* Base */,
			);
			name = Main.storyboard;
			sourceTree = "<group>";
		};
		A09BFA011B366B1D0086AE33 /* LaunchScreen.xib */ = {
			isa = PBXVariantGroup;
			children = (
				A09BFA021B366B1D0086AE33 /* Base */,
			);
			name = LaunchScreen.xib;
			sourceTree = "<group>";
		};
/* End PBXVariantGroup section */

/* Begin XCBuildConfiguration section */
		A09BFA101B366B1D0086AE33 /* Debug */ = {
			isa = XCBuildConfiguration;
			buildSettings = {
				ALWAYS_SEARCH_USER_PATHS = NO;
				CLANG_CXX_LANGUAGE_STANDARD = "gnu++0x";
				CLANG_CXX_LIBRARY = "libc++";
				CLANG_ENABLE_MODULES = YES;
				CLANG_ENABLE_OBJC_ARC = YES;
				CLANG_WARN_BOOL_CONVERSION = YES;
				CLANG_WARN_CONSTANT_CONVERSION = YES;
				CLANG_WARN_DIRECT_OBJC_ISA_USAGE = YES_ERROR;
				CLANG_WARN_EMPTY_BODY = YES;
				CLANG_WARN_ENUM_CONVERSION = YES;
				CLANG_WARN_INT_CONVERSION = YES;
				CLANG_WARN_OBJC_ROOT_CLASS = YES_ERROR;
				CLANG_WARN_UNREACHABLE_CODE = YES;
				CLANG_WARN__DUPLICATE_METHOD_MATCH = YES;
				"CODE_SIGN_IDENTITY[sdk=iphoneos*]" = "iPhone Developer";
				COPY_PHASE_STRIP = NO;
				DEBUG_INFORMATION_FORMAT = "dwarf-with-dsym";
				ENABLE_STRICT_OBJC_MSGSEND = YES;
				GCC_C_LANGUAGE_STANDARD = gnu99;
				GCC_DYNAMIC_NO_PIC = NO;
				GCC_NO_COMMON_BLOCKS = YES;
				GCC_OPTIMIZATION_LEVEL = 0;
				GCC_PREPROCESSOR_DEFINITIONS = (
					"DEBUG=1",
					"$(inherited)",
				);
				GCC_SYMBOLS_PRIVATE_EXTERN = NO;
				GCC_WARN_64_TO_32_BIT_CONVERSION = YES;
				GCC_WARN_ABOUT_RETURN_TYPE = YES_ERROR;
				GCC_WARN_UNDECLARED_SELECTOR = YES;
				GCC_WARN_UNINITIALIZED_AUTOS = YES_AGGRESSIVE;
				GCC_WARN_UNUSED_FUNCTION = YES;
				GCC_WARN_UNUSED_VARIABLE = YES;
				IPHONEOS_DEPLOYMENT_TARGET = 8.3;
				MTL_ENABLE_DEBUG_INFO = YES;
				ONLY_ACTIVE_ARCH = YES;
				SDKROOT = iphoneos;
				SWIFT_OPTIMIZATION_LEVEL = "-Onone";
				TARGETED_DEVICE_FAMILY = "1,2";
			};
			name = Debug;
		};
		A09BFA111B366B1D0086AE33 /* Release */ = {
			isa = XCBuildConfiguration;
			buildSettings = {
				ALWAYS_SEARCH_USER_PATHS = NO;
				CLANG_CXX_LANGUAGE_STANDARD = "gnu++0x";
				CLANG_CXX_LIBRARY = "libc++";
				CLANG_ENABLE_MODULES = YES;
				CLANG_ENABLE_OBJC_ARC = YES;
				CLANG_WARN_BOOL_CONVERSION = YES;
				CLANG_WARN_CONSTANT_CONVERSION = YES;
				CLANG_WARN_DIRECT_OBJC_ISA_USAGE = YES_ERROR;
				CLANG_WARN_EMPTY_BODY = YES;
				CLANG_WARN_ENUM_CONVERSION = YES;
				CLANG_WARN_INT_CONVERSION = YES;
				CLANG_WARN_OBJC_ROOT_CLASS = YES_ERROR;
				CLANG_WARN_UNREACHABLE_CODE = YES;
				CLANG_WARN__DUPLICATE_METHOD_MATCH = YES;
				"CODE_SIGN_IDENTITY[sdk=iphoneos*]" = "iPhone Developer";
				COPY_PHASE_STRIP = NO;
				DEBUG_INFORMATION_FORMAT = "dwarf-with-dsym";
				ENABLE_NS_ASSERTIONS = NO;
				ENABLE_STRICT_OBJC_MSGSEND = YES;
				GCC_C_LANGUAGE_STANDARD = gnu99;
				GCC_NO_COMMON_BLOCKS = YES;
				GCC_WARN_64_TO_32_BIT_CONVERSION = YES;
				GCC_WARN_ABOUT_RETURN_TYPE = YES_ERROR;
				GCC_WARN_UNDECLARED_SELECTOR = YES;
				GCC_WARN_UNINITIALIZED_AUTOS = YES_AGGRESSIVE;
				GCC_WARN_UNUSED_FUNCTION = YES;
				GCC_WARN_UNUSED_VARIABLE = YES;
				IPHONEOS_DEPLOYMENT_TARGET = 8.3;
				MTL_ENABLE_DEBUG_INFO = NO;
				SDKROOT = iphoneos;
				TARGETED_DEVICE_FAMILY = "1,2";
				VALIDATE_PRODUCT = YES;
			};
			name = Release;
		};
		A09BFA131B366B1D0086AE33 /* Debug */ = {
			isa = XCBuildConfiguration;
			buildSettings = {
				ASSETCATALOG_COMPILER_APPICON_NAME = AppIcon;
				INFOPLIST_FILE = swift1/Info.plist;
				LD_RUNPATH_SEARCH_PATHS = "$(inherited) @executable_path/Frameworks";
				PRODUCT_NAME = "$(TARGET_NAME)";
			};
			name = Debug;
		};
		A09BFA141B366B1D0086AE33 /* Release */ = {
			isa = XCBuildConfiguration;
			buildSettings = {
				ASSETCATALOG_COMPILER_APPICON_NAME = AppIcon;
				INFOPLIST_FILE = swift1/Info.plist;
				LD_RUNPATH_SEARCH_PATHS = "$(inherited) @executable_path/Frameworks";
				PRODUCT_NAME = "$(TARGET_NAME)";
			};
			name = Release;
		};
		A09BFA161B366B1D0086AE33 /* Debug */ = {
			isa = XCBuildConfiguration;
			buildSettings = {
				BUNDLE_LOADER = "$(TEST_HOST)";
				FRAMEWORK_SEARCH_PATHS = (
					"$(SDKROOT)/Developer/Library/Frameworks",
					"$(inherited)",
				);
				GCC_PREPROCESSOR_DEFINITIONS = (
					"DEBUG=1",
					"$(inherited)",
				);
				INFOPLIST_FILE = swift1Tests/Info.plist;
				LD_RUNPATH_SEARCH_PATHS = "$(inherited) @executable_path/Frameworks @loader_path/Frameworks";
				PRODUCT_NAME = "$(TARGET_NAME)";
				TEST_HOST = "$(BUILT_PRODUCTS_DIR)/swift1.app/swift1";
			};
			name = Debug;
		};
		A09BFA171B366B1D0086AE33 /* Release */ = {
			isa = XCBuildConfiguration;
			buildSettings = {
				BUNDLE_LOADER = "$(TEST_HOST)";
				FRAMEWORK_SEARCH_PATHS = (
					"$(SDKROOT)/Developer/Library/Frameworks",
					"$(inherited)",
				);
				INFOPLIST_FILE = swift1Tests/Info.plist;
				LD_RUNPATH_SEARCH_PATHS = "$(inherited) @executable_path/Frameworks @loader_path/Frameworks";
				PRODUCT_NAME = "$(TARGET_NAME)";
				TEST_HOST = "$(BUILT_PRODUCTS_DIR)/swift1.app/swift1";
			};
			name = Release;
		};
/* End XCBuildConfiguration section */

/* Begin XCConfigurationList section */
		A09BF9EE1B366B1D0086AE33 /* Build configuration list for PBXProject "swift1" */ = {
			isa = XCConfigurationList;
			buildConfigurations = (
				A09BFA101B366B1D0086AE33 /* Debug */,
				A09BFA111B366B1D0086AE33 /* Release */,
			);
			defaultConfigurationIsVisible = 0;
			defaultConfigurationName = Release;
		};
		A09BFA121B366B1D0086AE33 /* Build configuration list for PBXNativeTarget "swift1" */ = {
			isa = XCConfigurationList;
			buildConfigurations = (
				A09BFA131B366B1D0086AE33 /* Debug */,
				A09BFA141B366B1D0086AE33 /* Release */,
			);
			defaultConfigurationIsVisible = 0;
		};
		A09BFA151B366B1D0086AE33 /* Build configuration list for PBXNativeTarget "swift1Tests" */ = {
			isa = XCConfigurationList;
			buildConfigurations = (
				A09BFA161B366B1D0086AE33 /* Debug */,
				A09BFA171B366B1D0086AE33 /* Release */,
			);
			defaultConfigurationIsVisible = 0;
		};
/* End XCConfigurationList section */
	};
	rootObject = A09BF9EB1B366B1D0086AE33 /* Project object */;
}
